
Microsoft Visual Studio Solution File, Format Version 12.00
# Visual Studio Version 16
VisualStudioVersion = 16.0.30320.27
MinimumVisualStudioVersion = 10.0.40219.1
Project("{FAE04EC0-301F-11D3-BF4B-00C04F79EFBC}") = "xadrez-console", "xadrez-console\xadrez-console.csproj", "{6DC31788-522F-4C98-A2F9-39AD1113706D}"
EndProject
Global
	GlobalSection(SolutionConfigurationPlatforms) = preSolution
		Debug|Any CPU = Debug|Any CPU
		Release|Any CPU = Release|Any CPU
	EndGlobalSection
	GlobalSection(ProjectConfigurationPlatforms) = postSolution
		{6DC31788-522F-4C98-A2F9-39AD1113706D}.Debug|Any CPU.ActiveCfg = Debug|Any CPU
		{6DC31788-522F-4C98-A2F9-39AD1113706D}.Debug|Any CPU.Build.0 = Debug|Any CPU
		{6DC31788-522F-4C98-A2F9-39AD1113706D}.Release|Any CPU.ActiveCfg = Release|Any CPU
		{6DC31788-522F-4C98-A2F9-39AD1113706D}.Release|Any CPU.Build.0 = Release|Any CPU
	EndGlobalSection
	GlobalSection(SolutionProperties) = preSolution
		HideSolutionNode = FALSE
	EndGlobalSection
	GlobalSection(ExtensibilityGlobals) = postSolution
		SolutionGuid = {1F73EA58-5F33-4CE0-8549-C2B01EF53C3F}
	EndGlobalSection
EndGlobal
